# THIS IS AN AUTOGENERATED FILE. DO NOT EDIT THIS FILE DIRECTLY.
# yarn lockfile v1


"@ionic/angular@^4.0.0-rc.1":
  version "4.0.0-rc.1"
  resolved "https://registry.yarnpkg.com/@ionic/angular/-/angular-4.0.0-rc.1.tgz#e3c6d195279736dbf60b8637df12871e73b7e8de"
  integrity sha512-BoNynQ7s+9v4D/yOg6Po33c8svL3HLrL623cmU2CeXIh8F7c4DTlyn+vE6x1ifWrlHucLc5KmMCGd5YqzsGfNw==
  dependencies:
    "@ionic/core" "4.0.0-rc.1"
    tslib "^1.9.3"

"@ionic/core@4.0.0-rc.1":
  version "4.0.0-rc.1"
  resolved "https://registry.yarnpkg.com/@ionic/core/-/core-4.0.0-rc.1.tgz#079026134cad35066e2eb1953886c41c58361e17"
  integrity sha512-HGMjSq0hW7xVczTDib3tJ1aLi6RgE6R3spKWRiEsVvuBz3WGrLAuG6ASFic/U1k5LLG6vyJoWs4qvZ24b3dXag==
  dependencies:
    ionicons "4.5.1"

ionicons@4.5.1:
  version "4.5.1"
  resolved "https://registry.yarnpkg.com/ionicons/-/ionicons-4.5.1.tgz#a180e8948256e6337c2d290eb07f9113dc7b09eb"
  integrity sha512-zqfkjpPKsdzzXePdE03IRw6xt7B6N3fcN/7NepyniuEWhKZLy7YpdZLegEwBmKeciXi7rIcv1O/hHJTdokUwXQ==

tslib@^1.9.3:
  version "1.9.3"
  resolved "https://registry.yarnpkg.com/tslib/-/tslib-1.9.3.tgz#d7e4dd79245d85428c4d7e4822a79917954ca286"
  integrity sha512-4krF8scpejhaOgqzBEcGM7yDIEfi0/8+8zDRZhNZZ2kjmHJ4hv3zCbQWxoJGz1iw5U0Jl0nma13xzHXcncMavQ==
